
Microsoft Visual Studio Solution File, Format Version 12.00
# Visual Studio 2012
Project("{FAE04EC0-301F-11D3-BF4B-00C04F79EFBC}") = "01.IntegerSquareRoot", "IntegerSquareRoot\01.IntegerSquareRoot.csproj", "{C91C9B17-AB5E-448E-95EA-DBE11C28971E}"
EndProject
Project("{FAE04EC0-301F-11D3-BF4B-00C04F79EFBC}") = "02.MethodReadingNumbers", "MethodReadingNumbers\02.MethodReadingNumbers.csproj", "{E11A5F0F-6D7A-404E-B93E-558DB6FC30DA}"
EndProject
Project("{FAE04EC0-301F-11D3-BF4B-00C04F79EFBC}") = "03.ReadTextFileImput", "ReadTextFileImput\03.ReadTextFileImput.csproj", "{B61B740F-AF9E-4B41-85E3-227B69101C2C}"
EndProject
Project("{FAE04EC0-301F-11D3-BF4B-00C04F79EFBC}") = "04.FileDownload", "FileDownload\04.FileDownload.csproj", "{0A0C7342-3484-4C7D-8DFF-D16E24F97A10}"
EndProject
Global
	GlobalSection(SolutionConfigurationPlatforms) = preSolution
		Debug|Any CPU = Debug|Any CPU
		Release|Any CPU = Release|Any CPU
	EndGlobalSection
	GlobalSection(ProjectConfigurationPlatforms) = postSolution
		{C91C9B17-AB5E-448E-95EA-DBE11C28971E}.Debug|Any CPU.ActiveCfg = Debug|Any CPU
		{C91C9B17-AB5E-448E-95EA-DBE11C28971E}.Debug|Any CPU.Build.0 = Debug|Any CPU
		{C91C9B17-AB5E-448E-95EA-DBE11C28971E}.Release|Any CPU.ActiveCfg = Release|Any CPU
		{C91C9B17-AB5E-448E-95EA-DBE11C28971E}.Release|Any CPU.Build.0 = Release|Any CPU
		{E11A5F0F-6D7A-404E-B93E-558DB6FC30DA}.Debug|Any CPU.ActiveCfg = Debug|Any CPU
		{E11A5F0F-6D7A-404E-B93E-558DB6FC30DA}.Debug|Any CPU.Build.0 = Debug|Any CPU
		{E11A5F0F-6D7A-404E-B93E-558DB6FC30DA}.Release|Any CPU.ActiveCfg = Release|Any CPU
		{E11A5F0F-6D7A-404E-B93E-558DB6FC30DA}.Release|Any CPU.Build.0 = Release|Any CPU
		{B61B740F-AF9E-4B41-85E3-227B69101C2C}.Debug|Any CPU.ActiveCfg = Debug|Any CPU
		{B61B740F-AF9E-4B41-85E3-227B69101C2C}.Debug|Any CPU.Build.0 = Debug|Any CPU
		{B61B740F-AF9E-4B41-85E3-227B69101C2C}.Release|Any CPU.ActiveCfg = Release|Any CPU
		{B61B740F-AF9E-4B41-85E3-227B69101C2C}.Release|Any CPU.Build.0 = Release|Any CPU
		{0A0C7342-3484-4C7D-8DFF-D16E24F97A10}.Debug|Any CPU.ActiveCfg = Debug|Any CPU
		{0A0C7342-3484-4C7D-8DFF-D16E24F97A10}.Debug|Any CPU.Build.0 = Debug|Any CPU
		{0A0C7342-3484-4C7D-8DFF-D16E24F97A10}.Release|Any CPU.ActiveCfg = Release|Any CPU
		{0A0C7342-3484-4C7D-8DFF-D16E24F97A10}.Release|Any CPU.Build.0 = Release|Any CPU
	EndGlobalSection
	GlobalSection(SolutionProperties) = preSolution
		HideSolutionNode = FALSE
	EndGlobalSection
EndGlobal
